
Microsoft Visual Studio Solution File, Format Version 12.00
# Visual Studio 15
VisualStudioVersion = 15.0.27703.2047
MinimumVisualStudioVersion = 10.0.40219.1
Project("{FAE04EC0-301F-11D3-BF4B-00C04F79EFBC}") = "WpfApp1-ListControlTest", "WpfApp1-ListControlTest\WpfApp1-ListControlTest.csproj", "{ABEA2833-3A5A-45D5-B1C9-E39B2C425B98}"
EndProject
Project("{FAE04EC0-301F-11D3-BF4B-00C04F79EFBC}") = "WpfExample", "WpfExample\WpfExample.csproj", "{FEC48D36-87AE-44F1-9455-D769A2C31D5D}"
EndProject
Project("{FAE04EC0-301F-11D3-BF4B-00C04F79EFBC}") = "WpfContextTest", "WpfContextTest\WpfContextTest.csproj", "{0009A919-60A9-464A-A100-1611BE9DF7B1}"
EndProject
Project("{FAE04EC0-301F-11D3-BF4B-00C04F79EFBC}") = "WpfCustomControlLibrary", "WpfCustomControlLibrary\WpfCustomControlLibrary.csproj", "{A78D5D23-F7FF-44F2-A9E3-66EA90297411}"
EndProject
Project("{FAE04EC0-301F-11D3-BF4B-00C04F79EFBC}") = "WpfData", "WpfData\WpfData.csproj", "{BFACB572-0436-40C1-9B71-C5BA1A3F67C1}"
EndProject
Global
	GlobalSection(SolutionConfigurationPlatforms) = preSolution
		Debug|Any CPU = Debug|Any CPU
		Release|Any CPU = Release|Any CPU
	EndGlobalSection
	GlobalSection(ProjectConfigurationPlatforms) = postSolution
		{ABEA2833-3A5A-45D5-B1C9-E39B2C425B98}.Debug|Any CPU.ActiveCfg = Debug|Any CPU
		{ABEA2833-3A5A-45D5-B1C9-E39B2C425B98}.Debug|Any CPU.Build.0 = Debug|Any CPU
		{ABEA2833-3A5A-45D5-B1C9-E39B2C425B98}.Release|Any CPU.ActiveCfg = Release|Any CPU
		{ABEA2833-3A5A-45D5-B1C9-E39B2C425B98}.Release|Any CPU.Build.0 = Release|Any CPU
		{FEC48D36-87AE-44F1-9455-D769A2C31D5D}.Debug|Any CPU.ActiveCfg = Debug|Any CPU
		{FEC48D36-87AE-44F1-9455-D769A2C31D5D}.Debug|Any CPU.Build.0 = Debug|Any CPU
		{FEC48D36-87AE-44F1-9455-D769A2C31D5D}.Release|Any CPU.ActiveCfg = Release|Any CPU
		{FEC48D36-87AE-44F1-9455-D769A2C31D5D}.Release|Any CPU.Build.0 = Release|Any CPU
		{0009A919-60A9-464A-A100-1611BE9DF7B1}.Debug|Any CPU.ActiveCfg = Debug|Any CPU
		{0009A919-60A9-464A-A100-1611BE9DF7B1}.Debug|Any CPU.Build.0 = Debug|Any CPU
		{0009A919-60A9-464A-A100-1611BE9DF7B1}.Release|Any CPU.ActiveCfg = Release|Any CPU
		{0009A919-60A9-464A-A100-1611BE9DF7B1}.Release|Any CPU.Build.0 = Release|Any CPU
		{A78D5D23-F7FF-44F2-A9E3-66EA90297411}.Debug|Any CPU.ActiveCfg = Debug|Any CPU
		{A78D5D23-F7FF-44F2-A9E3-66EA90297411}.Debug|Any CPU.Build.0 = Debug|Any CPU
		{A78D5D23-F7FF-44F2-A9E3-66EA90297411}.Release|Any CPU.ActiveCfg = Release|Any CPU
		{A78D5D23-F7FF-44F2-A9E3-66EA90297411}.Release|Any CPU.Build.0 = Release|Any CPU
		{BFACB572-0436-40C1-9B71-C5BA1A3F67C1}.Debug|Any CPU.ActiveCfg = Debug|Any CPU
		{BFACB572-0436-40C1-9B71-C5BA1A3F67C1}.Debug|Any CPU.Build.0 = Debug|Any CPU
		{BFACB572-0436-40C1-9B71-C5BA1A3F67C1}.Release|Any CPU.ActiveCfg = Release|Any CPU
		{BFACB572-0436-40C1-9B71-C5BA1A3F67C1}.Release|Any CPU.Build.0 = Release|Any CPU
	EndGlobalSection
	GlobalSection(SolutionProperties) = preSolution
		HideSolutionNode = FALSE
	EndGlobalSection
	GlobalSection(ExtensibilityGlobals) = postSolution
		SolutionGuid = {A4569EFE-D80C-4460-9D02-5A5E92FAAE04}
	EndGlobalSection
EndGlobal
